# This file was autogenerated by Stack.
# You should not edit this file by hand.
# For more information, please see the documentation at:
#   https://docs.haskellstack.org/en/stable/lock_files

packages:
- completed:
    hackage: logger-0.1.0.2@sha256:38e86448cbd8abea17af2ce39a99886e7e4f4afc2c64a5bd34a93adc95c18949,2785
    pantry-tree:
      sha256: cc650cdf30ae3a15c6b653ee21df5b1d5910ab04959b0baaac725cc64bd8b60e
      size: 1200
  original:
    hackage: logger-0.1.0.2
- completed:
    hackage: uuid-1.3.16@sha256:0e314e4f967c4d5ebaa4ec3f9936828e07f9420e4702038441a271ff422279e9,2578
    pantry-tree:
      sha256: a103377d94fdd081624e3d5bbe55445e4f1d6a420d9aa0e582e73f6e84dd14d2
      size: 739
  original:
    hackage: uuid-1.3.16
- completed:
    hackage: uuid-types-1.0.6@sha256:595644500d36908be85cd02fb446c411555ecc5c59b7ce33d1205cfc9ceb55a6,2604
    pantry-tree:
      sha256: 8ddb70a1c62025f4cb9e5d0b1063631e3b0f709a70b320e7a30696ee4398559c
      size: 480
  original:
    hackage: uuid-types-1.0.6@sha256:595644500d36908be85cd02fb446c411555ecc5c59b7ce33d1205cfc9ceb55a6,2604
snapshots:
- completed:
    sha256: 08bd13ce621b41a8f5e51456b38d5b46d7783ce114a50ab604d6bbab0d002146
    size: 720271
    url: https://raw.githubusercontent.com/commercialhaskell/stackage-snapshots/master/lts/22/43.yaml
  original: lts-22.43
